
Microsoft Visual Studio Solution File, Format Version 12.00
# Visual Studio Version 17
VisualStudioVersion = 17.0.31903.59
MinimumVisualStudioVersion = 10.0.40219.1
Project("{FAE04EC0-301F-11D3-BF4B-00C04F79EFBC}") = "Strategy.Example", "Strategy.Example\Strategy.Example.csproj", "{C232E247-612C-4A84-AC14-0E4C53135A3E}"
EndProject
Project("{FAE04EC0-301F-11D3-BF4B-00C04F79EFBC}") = "Strategy.PaymentProcessor", "Strategy.PaymentProcessor\Strategy.PaymentProcessor.csproj", "{1611EF59-D1AB-4AAE-8B57-285EFCE30F63}"
EndProject
Global
	GlobalSection(SolutionConfigurationPlatforms) = preSolution
		Debug|Any CPU = Debug|Any CPU
		Release|Any CPU = Release|Any CPU
	EndGlobalSection
	GlobalSection(ProjectConfigurationPlatforms) = postSolution
		{C232E247-612C-4A84-AC14-0E4C53135A3E}.Debug|Any CPU.ActiveCfg = Debug|Any CPU
		{C232E247-612C-4A84-AC14-0E4C53135A3E}.Debug|Any CPU.Build.0 = Debug|Any CPU
		{C232E247-612C-4A84-AC14-0E4C53135A3E}.Release|Any CPU.ActiveCfg = Release|Any CPU
		{C232E247-612C-4A84-AC14-0E4C53135A3E}.Release|Any CPU.Build.0 = Release|Any CPU
		{1611EF59-D1AB-4AAE-8B57-285EFCE30F63}.Debug|Any CPU.ActiveCfg = Debug|Any CPU
		{1611EF59-D1AB-4AAE-8B57-285EFCE30F63}.Debug|Any CPU.Build.0 = Debug|Any CPU
		{1611EF59-D1AB-4AAE-8B57-285EFCE30F63}.Release|Any CPU.ActiveCfg = Release|Any CPU
		{1611EF59-D1AB-4AAE-8B57-285EFCE30F63}.Release|Any CPU.Build.0 = Release|Any CPU
	EndGlobalSection
	GlobalSection(SolutionProperties) = preSolution
		HideSolutionNode = FALSE
	EndGlobalSection
	GlobalSection(ExtensibilityGlobals) = postSolution
		SolutionGuid = {B9B35B0D-7BFA-4F98-8CAE-AF8270073D91}
	EndGlobalSection
EndGlobal
